// !$*UTF8*$!
{
	archiveVersion = 1;
	classes = {
	};
	objectVersion = 46;
	objects = {

/* Begin PBXBuildFile section */
		6F562842169F923300920846 /* UIKit.framework in Frameworks */ = {isa = PBXBuildFile; fileRef = 6F562841169F923300920846 /* UIKit.framework */; };
		6F562844169F923300920846 /* Foundation.framework in Frameworks */ = {isa = PBXBuildFile; fileRef = 6F562843169F923300920846 /* Foundation.framework */; };
		6F562846169F923300920846 /* CoreGraphics.framework in Frameworks */ = {isa = PBXBuildFile; fileRef = 6F562845169F923300920846 /* CoreGraphics.framework */; };
		6F56284C169F923300920846 /* InfoPlist.strings in Resources */ = {isa = PBXBuildFile; fileRef = 6F56284A169F923300920846 /* InfoPlist.strings */; };
		6F56284E169F923300920846 /* main.m in Sources */ = {isa = PBXBuildFile; fileRef = 6F56284D169F923300920846 /* main.m */; };
		6F562852169F923300920846 /* RTHAppDelegate.m in Sources */ = {isa = PBXBuildFile; fileRef = 6F562851169F923300920846 /* RTHAppDelegate.m */; };
		6F562854169F923300920846 /* Default.png in Resources */ = {isa = PBXBuildFile; fileRef = 6F562853169F923300920846 /* Default.png */; };
		6F562856169F923300920846 /* Default@2x.png in Resources */ = {isa = PBXBuildFile; fileRef = 6F562855169F923300920846 /* Default@2x.png */; };
		6F562858169F923300920846 /* Default-568h@2x.png in Resources */ = {isa = PBXBuildFile; fileRef = 6F562857169F923300920846 /* Default-568h@2x.png */; };
		6F56285B169F923300920846 /* RTHViewController.m in Sources */ = {isa = PBXBuildFile; fileRef = 6F56285A169F923300920846 /* RTHViewController.m */; };
		6F56285E169F923300920846 /* RTHViewController.xib in Resources */ = {isa = PBXBuildFile; fileRef = 6F56285C169F923300920846 /* RTHViewController.xib */; };
/* End PBXBuildFile section */

/* Begin PBXFileReference section */
		6F56283D169F923300920846 /* RTHBlocks.app */ = {isa = PBXFileReference; explicitFileType = wrapper.application; includeInIndex = 0; path = RTHBlocks.app; sourceTree = BUILT_PRODUCTS_DIR; };
		6F562841169F923300920846 /* UIKit.framework */ = {isa = PBXFileReference; lastKnownFileType = wrapper.framework; name = UIKit.framework; path = System/Library/Frameworks/UIKit.framework; sourceTree = SDKROOT; };
		6F562843169F923300920846 /* Foundation.framework */ = {isa = PBXFileReference; lastKnownFileType = wrapper.framework; name = Foundation.framework; path = System/Library/Frameworks/Foundation.framework; sourceTree = SDKROOT; };
		6F562845169F923300920846 /* CoreGraphics.framework */ = {isa = PBXFileReference; lastKnownFileType = wrapper.framework; name = CoreGraphics.framework; path = System/Library/Frameworks/CoreGraphics.framework; sourceTree = SDKROOT; };
		6F562849169F923300920846 /* RTHBlocks-Info.plist */ = {isa = PBXFileReference; lastKnownFileType = text.plist.xml; path = "RTHBlocks-Info.plist"; sourceTree = "<group>"; };
		6F56284B169F923300920846 /* en */ = {isa = PBXFileReference; lastKnownFileType = text.plist.strings; name = en; path = en.lproj/InfoPlist.strings; sourceTree = "<group>"; };
		6F56284D169F923300920846 /* main.m */ = {isa = PBXFileReference; lastKnownFileType = sourcecode.c.objc; path = main.m; sourceTree = "<group>"; };
		6F56284F169F923300920846 /* RTHBlocks-Prefix.pch */ = {isa = PBXFileReference; lastKnownFileType = sourcecode.c.h; path = "RTHBlocks-Prefix.pch"; sourceTree = "<group>"; };
		6F562850169F923300920846 /* RTHAppDelegate.h */ = {isa = PBXFileReference; lastKnownFileType = sourcecode.c.h; path = RTHAppDelegate.h; sourceTree = "<group>"; };
		6F562851169F923300920846 /* RTHAppDelegate.m */ = {isa = PBXFileReference; lastKnownFileType = sourcecode.c.objc; path = RTHAppDelegate.m; sourceTree = "<group>"; };
		6F562853169F923300920846 /* Default.png */ = {isa = PBXFileReference; lastKnownFileType = image.png; path = Default.png; sourceTree = "<group>"; };
		6F562855169F923300920846 /* Default@2x.png */ = {isa = PBXFileReference; lastKnownFileType = image.png; path = "Default@2x.png"; sourceTree = "<group>"; };
		6F562857169F923300920846 /* Default-568h@2x.png */ = {isa = PBXFileReference; lastKnownFileType = image.png; path = "Default-568h@2x.png"; sourceTree = "<group>"; };
		6F562859169F923300920846 /* RTHViewController.h */ = {isa = PBXFileReference; lastKnownFileType = sourcecode.c.h; path = RTHViewController.h; sourceTree = "<group>"; };
		6F56285A169F923300920846 /* RTHViewController.m */ = {isa = PBXFileReference; lastKnownFileType = sourcecode.c.objc; path = RTHViewController.m; sourceTree = "<group>"; };
		6F56285D169F923300920846 /* en */ = {isa = PBXFileReference; lastKnownFileType = file.xib; name = en; path = en.lproj/RTHViewController.xib; sourceTree = "<group>"; };
/* End PBXFileReference section */

/* Begin PBXFrameworksBuildPhase section */
		6F56283A169F923300920846 /* Frameworks */ = {
			isa = PBXFrameworksBuildPhase;
			buildActionMask = 2147483647;
			files = (
				6F562842169F923300920846 /* UIKit.framework in Frameworks */,
				6F562844169F923300920846 /* Foundation.framework in Frameworks */,
				6F562846169F923300920846 /* CoreGraphics.framework in Frameworks */,
			);
			runOnlyForDeploymentPostprocessing = 0;
		};
/* End PBXFrameworksBuildPhase section */

/* Begin PBXGroup section */
		6F562832169F923300920846 = {
			isa = PBXGroup;
			children = (
				6F562847169F923300920846 /* RTHBlocks */,
				6F562840169F923300920846 /* Frameworks */,
				6F56283E169F923300920846 /* Products */,
			);
			sourceTree = "<group>";
		};
		6F56283E169F923300920846 /* Products */ = {
			isa = PBXGroup;
			children = (
				6F56283D169F923300920846 /* RTHBlocks.app */,
			);
			name = Products;
			sourceTree = "<group>";
		};
		6F562840169F923300920846 /* Frameworks */ = {
			isa = PBXGroup;
			children = (
				6F562841169F923300920846 /* UIKit.framework */,
				6F562843169F923300920846 /* Foundation.framework */,
				6F562845169F923300920846 /* CoreGraphics.framework */,
			);
			name = Frameworks;
			sourceTree = "<group>";
		};
		6F562847169F923300920846 /* RTHBlocks */ = {
			isa = PBXGroup;
			children = (
				6F562850169F923300920846 /* RTHAppDelegate.h */,
				6F562851169F923300920846 /* RTHAppDelegate.m */,
				6F562859169F923300920846 /* RTHViewController.h */,
				6F56285A169F923300920846 /* RTHViewController.m */,
				6F56285C169F923300920846 /* RTHViewController.xib */,
				6F562848169F923300920846 /* Supporting Files */,
			);
			path = RTHBlocks;
			sourceTree = "<group>";
		};
		6F562848169F923300920846 /* Supporting Files */ = {
			isa = PBXGroup;
			children = (
				6F562849169F923300920846 /* RTHBlocks-Info.plist */,
				6F56284A169F923300920846 /* InfoPlist.strings */,
				6F56284D169F923300920846 /* main.m */,
				6F56284F169F923300920846 /* RTHBlocks-Prefix.pch */,
				6F562853169F923300920846 /* Default.png */,
				6F562855169F923300920846 /* Default@2x.png */,
				6F562857169F923300920846 /* Default-568h@2x.png */,
			);
			name = "Supporting Files";
			sourceTree = "<group>";
		};
/* End PBXGroup section */

/* Begin PBXNativeTarget section */
		6F56283C169F923300920846 /* RTHBlocks */ = {
			isa = PBXNativeTarget;
			buildConfigurationList = 6F562861169F923300920846 /* Build configuration list for PBXNativeTarget "RTHBlocks" */;
			buildPhases = (
				6F562839169F923300920846 /* Sources */,
				6F56283A169F923300920846 /* Frameworks */,
				6F56283B169F923300920846 /* Resources */,
			);
			buildRules = (
			);
			dependencies = (
			);
			name = RTHBlocks;
			productName = RTHBlocks;
			productReference = 6F56283D169F923300920846 /* RTHBlocks.app */;
			productType = "com.apple.product-type.application";
		};
/* End PBXNativeTarget section */

/* Begin PBXProject section */
		6F562834169F923300920846 /* Project object */ = {
			isa = PBXProject;
			attributes = {
				CLASSPREFIX = RTH;
				LastUpgradeCheck = 0450;
				ORGANIZATIONNAME = WisdomGroup;
			};
			buildConfigurationList = 6F562837169F923300920846 /* Build configuration list for PBXProject "RTHBlocks" */;
			compatibilityVersion = "Xcode 3.2";
			developmentRegion = English;
			hasScannedForEncodings = 0;
			knownRegions = (
				en,
			);
			mainGroup = 6F562832169F923300920846;
			productRefGroup = 6F56283E169F923300920846 /* Products */;
			projectDirPath = "";
			projectRoot = "";
			targets = (
				6F56283C169F923300920846 /* RTHBlocks */,
			);
		};
/* End PBXProject section */

/* Begin PBXResourcesBuildPhase section */
		6F56283B169F923300920846 /* Resources */ = {
			isa = PBXResourcesBuildPhase;
			buildActionMask = 2147483647;
			files = (
				6F56284C169F923300920846 /* InfoPlist.strings in Resources */,
				6F562854169F923300920846 /* Default.png in Resources */,
				6F562856169F923300920846 /* Default@2x.png in Resources */,
				6F562858169F923300920846 /* Default-568h@2x.png in Resources */,
				6F56285E169F923300920846 /* RTHViewController.xib in Resources */,
			);
			runOnlyForDeploymentPostprocessing = 0;
		};
/* End PBXResourcesBuildPhase section */

/* Begin PBXSourcesBuildPhase section */
		6F562839169F923300920846 /* Sources */ = {
			isa = PBXSourcesBuildPhase;
			buildActionMask = 2147483647;
			files = (
				6F56284E169F923300920846 /* main.m in Sources */,
				6F562852169F923300920846 /* RTHAppDelegate.m in Sources */,
				6F56285B169F923300920846 /* RTHViewController.m in Sources */,
			);
			runOnlyForDeploymentPostprocessing = 0;
		};
/* End PBXSourcesBuildPhase section */

/* Begin PBXVariantGroup section */
		6F56284A169F923300920846 /* InfoPlist.strings */ = {
			isa = PBXVariantGroup;
			children = (
				6F56284B169F923300920846 /* en */,
			);
			name = InfoPlist.strings;
			sourceTree = "<group>";
		};
		6F56285C169F923300920846 /* RTHViewController.xib */ = {
			isa = PBXVariantGroup;
			children = (
				6F56285D169F923300920846 /* en */,
			);
			name = RTHViewController.xib;
			sourceTree = "<group>";
		};
/* End PBXVariantGroup section */

/* Begin XCBuildConfiguration section */
		6F56285F169F923300920846 /* Debug */ = {
			isa = XCBuildConfiguration;
			buildSettings = {
				ALWAYS_SEARCH_USER_PATHS = NO;
				CLANG_CXX_LANGUAGE_STANDARD = "gnu++0x";
				CLANG_CXX_LIBRARY = "libc++";
				CLANG_WARN_EMPTY_BODY = YES;
				CLANG_WARN__DUPLICATE_METHOD_MATCH = YES;
				"CODE_SIGN_IDENTITY[sdk=iphoneos*]" = "iPhone Developer";
				COPY_PHASE_STRIP = NO;
				GCC_C_LANGUAGE_STANDARD = gnu99;
				GCC_DYNAMIC_NO_PIC = NO;
				GCC_OPTIMIZATION_LEVEL = 0;
				GCC_PREPROCESSOR_DEFINITIONS = (
					"DEBUG=1",
					"$(inherited)",
				);
				GCC_SYMBOLS_PRIVATE_EXTERN = NO;
				GCC_WARN_ABOUT_RETURN_TYPE = YES;
				GCC_WARN_UNINITIALIZED_AUTOS = YES;
				GCC_WARN_UNUSED_VARIABLE = YES;
				IPHONEOS_DEPLOYMENT_TARGET = 6.0;
				ONLY_ACTIVE_ARCH = YES;
				SDKROOT = iphoneos;
			};
			name = Debug;
		};
		6F562860169F923300920846 /* Release */ = {
			isa = XCBuildConfiguration;
			buildSettings = {
				ALWAYS_SEARCH_USER_PATHS = NO;
				CLANG_CXX_LANGUAGE_STANDARD = "gnu++0x";
				CLANG_CXX_LIBRARY = "libc++";
				CLANG_WARN_EMPTY_BODY = YES;
				CLANG_WARN__DUPLICATE_METHOD_MATCH = YES;
				"CODE_SIGN_IDENTITY[sdk=iphoneos*]" = "iPhone Developer";
				COPY_PHASE_STRIP = YES;
				GCC_C_LANGUAGE_STANDARD = gnu99;
				GCC_WARN_ABOUT_RETURN_TYPE = YES;
				GCC_WARN_UNINITIALIZED_AUTOS = YES;
				GCC_WARN_UNUSED_VARIABLE = YES;
				IPHONEOS_DEPLOYMENT_TARGET = 6.0;
				OTHER_CFLAGS = "-DNS_BLOCK_ASSERTIONS=1";
				SDKROOT = iphoneos;
				VALIDATE_PRODUCT = YES;
			};
			name = Release;
		};
		6F562862169F923300920846 /* Debug */ = {
			isa = XCBuildConfiguration;
			buildSettings = {
				GCC_PRECOMPILE_PREFIX_HEADER = YES;
				GCC_PREFIX_HEADER = "RTHBlocks/RTHBlocks-Prefix.pch";
				INFOPLIST_FILE = "RTHBlocks/RTHBlocks-Info.plist";
				PRODUCT_NAME = "$(TARGET_NAME)";
				WRAPPER_EXTENSION = app;
			};
			name = Debug;
		};
		6F562863169F923300920846 /* Release */ = {
			isa = XCBuildConfiguration;
			buildSettings = {
				GCC_PRECOMPILE_PREFIX_HEADER = YES;
				GCC_PREFIX_HEADER = "RTHBlocks/RTHBlocks-Prefix.pch";
				INFOPLIST_FILE = "RTHBlocks/RTHBlocks-Info.plist";
				PRODUCT_NAME = "$(TARGET_NAME)";
				WRAPPER_EXTENSION = app;
			};
			name = Release;
		};
/* End XCBuildConfiguration section */

/* Begin XCConfigurationList section */
		6F562837169F923300920846 /* Build configuration list for PBXProject "RTHBlocks" */ = {
			isa = XCConfigurationList;
			buildConfigurations = (
				6F56285F169F923300920846 /* Debug */,
				6F562860169F923300920846 /* Release */,
			);
			defaultConfigurationIsVisible = 0;
			defaultConfigurationName = Release;
		};
		6F562861169F923300920846 /* Build configuration list for PBXNativeTarget "RTHBlocks" */ = {
			isa = XCConfigurationList;
			buildConfigurations = (
				6F562862169F923300920846 /* Debug */,
				6F562863169F923300920846 /* Release */,
			);
			defaultConfigurationIsVisible = 0;
		};
/* End XCConfigurationList section */
	};
	rootObject = 6F562834169F923300920846 /* Project object */;
}
